
Microsoft Visual Studio Solution File, Format Version 12.00
# Visual Studio Version 16
VisualStudioVersion = 16.0.29911.84
MinimumVisualStudioVersion = 10.0.40219.1
Project("{FAE04EC0-301F-11D3-BF4B-00C04F79EFBC}") = "ArtificialIntelligence", "ArtificialIntelligence.csproj", "{FB3839B2-AEFC-459B-BE6B-AA0AB9F83BDE}"
EndProject
Global
	GlobalSection(SolutionConfigurationPlatforms) = preSolution
		Debug|Any CPU = Debug|Any CPU
		Release|Any CPU = Release|Any CPU
	EndGlobalSection
	GlobalSection(ProjectConfigurationPlatforms) = postSolution
		{FB3839B2-AEFC-459B-BE6B-AA0AB9F83BDE}.Debug|Any CPU.ActiveCfg = Debug|Any CPU
		{FB3839B2-AEFC-459B-BE6B-AA0AB9F83BDE}.Debug|Any CPU.Build.0 = Debug|Any CPU
		{FB3839B2-AEFC-459B-BE6B-AA0AB9F83BDE}.Release|Any CPU.ActiveCfg = Release|Any CPU
		{FB3839B2-AEFC-459B-BE6B-AA0AB9F83BDE}.Release|Any CPU.Build.0 = Release|Any CPU
	EndGlobalSection
	GlobalSection(SolutionProperties) = preSolution
		HideSolutionNode = FALSE
	EndGlobalSection
	GlobalSection(ExtensibilityGlobals) = postSolution
		SolutionGuid = {1826C9EF-CEB9-4E31-83B3-1DD847CA0204}
	EndGlobalSection
EndGlobal
